// !$*UTF8*$!
{
	archiveVersion = 1;
	classes = {
	};
	objectVersion = 55;
	objects = {

/* Begin PBXBuildFile section */
		7A61E82A28A564A80053566B /* AppDelegate.swift in Sources */ = {isa = PBXBuildFile; fileRef = 7A61E82928A564A80053566B /* AppDelegate.swift */; };
		7A61E82C28A564A80053566B /* SceneDelegate.swift in Sources */ = {isa = PBXBuildFile; fileRef = 7A61E82B28A564A80053566B /* SceneDelegate.swift */; };
		7A61E82E28A564A80053566B /* MoviesController.swift in Sources */ = {isa = PBXBuildFile; fileRef = 7A61E82D28A564A80053566B /* MoviesController.swift */; };
		7A61E83128A564A80053566B /* Main.storyboard in Resources */ = {isa = PBXBuildFile; fileRef = 7A61E82F28A564A80053566B /* Main.storyboard */; };
		7A61E83328A564AA0053566B /* Assets.xcassets in Resources */ = {isa = PBXBuildFile; fileRef = 7A61E83228A564AA0053566B /* Assets.xcassets */; };
		7A61E83628A564AA0053566B /* LaunchScreen.storyboard in Resources */ = {isa = PBXBuildFile; fileRef = 7A61E83428A564AA0053566B /* LaunchScreen.storyboard */; };
		7A61E84228A583300053566B /* MoviesViewModel.swift in Sources */ = {isa = PBXBuildFile; fileRef = 7A61E84128A583300053566B /* MoviesViewModel.swift */; };
		7A61E84428A5852F0053566B /* MoviesModel.swift in Sources */ = {isa = PBXBuildFile; fileRef = 7A61E84328A5852F0053566B /* MoviesModel.swift */; };
		7A61E84728A59ABB0053566B /* Movie.swift in Sources */ = {isa = PBXBuildFile; fileRef = 7A61E84628A59ABB0053566B /* Movie.swift */; };
/* End PBXBuildFile section */

/* Begin PBXFileReference section */
		7A61E82628A564A80053566B /* final_project.app */ = {isa = PBXFileReference; explicitFileType = wrapper.application; includeInIndex = 0; path = final_project.app; sourceTree = BUILT_PRODUCTS_DIR; };
		7A61E82928A564A80053566B /* AppDelegate.swift */ = {isa = PBXFileReference; lastKnownFileType = sourcecode.swift; path = AppDelegate.swift; sourceTree = "<group>"; };
		7A61E82B28A564A80053566B /* SceneDelegate.swift */ = {isa = PBXFileReference; lastKnownFileType = sourcecode.swift; path = SceneDelegate.swift; sourceTree = "<group>"; };
		7A61E82D28A564A80053566B /* MoviesController.swift */ = {isa = PBXFileReference; lastKnownFileType = sourcecode.swift; path = MoviesController.swift; sourceTree = "<group>"; };
		7A61E83028A564A80053566B /* Base */ = {isa = PBXFileReference; lastKnownFileType = file.storyboard; name = Base; path = Base.lproj/Main.storyboard; sourceTree = "<group>"; };
		7A61E83228A564AA0053566B /* Assets.xcassets */ = {isa = PBXFileReference; lastKnownFileType = folder.assetcatalog; path = Assets.xcassets; sourceTree = "<group>"; };
		7A61E83528A564AA0053566B /* Base */ = {isa = PBXFileReference; lastKnownFileType = file.storyboard; name = Base; path = Base.lproj/LaunchScreen.storyboard; sourceTree = "<group>"; };
		7A61E83728A564AA0053566B /* Info.plist */ = {isa = PBXFileReference; lastKnownFileType = text.plist.xml; path = Info.plist; sourceTree = "<group>"; };
		7A61E84128A583300053566B /* MoviesViewModel.swift */ = {isa = PBXFileReference; lastKnownFileType = sourcecode.swift; path = MoviesViewModel.swift; sourceTree = "<group>"; };
		7A61E84328A5852F0053566B /* MoviesModel.swift */ = {isa = PBXFileReference; lastKnownFileType = sourcecode.swift; path = MoviesModel.swift; sourceTree = "<group>"; };
		7A61E84628A59ABB0053566B /* Movie.swift */ = {isa = PBXFileReference; lastKnownFileType = sourcecode.swift; path = Movie.swift; sourceTree = "<group>"; };
/* End PBXFileReference section */

/* Begin PBXFrameworksBuildPhase section */
		7A61E82328A564A80053566B /* Frameworks */ = {
			isa = PBXFrameworksBuildPhase;
			buildActionMask = 2147483647;
			files = (
			);
			runOnlyForDeploymentPostprocessing = 0;
		};
/* End PBXFrameworksBuildPhase section */

/* Begin PBXGroup section */
		7A61E81D28A564A80053566B = {
			isa = PBXGroup;
			children = (
				7A61E82828A564A80053566B /* final_project */,
				7A61E82728A564A80053566B /* Products */,
			);
			sourceTree = "<group>";
		};
		7A61E82728A564A80053566B /* Products */ = {
			isa = PBXGroup;
			children = (
				7A61E82628A564A80053566B /* final_project.app */,
			);
			name = Products;
			sourceTree = "<group>";
		};
		7A61E82828A564A80053566B /* final_project */ = {
			isa = PBXGroup;
			children = (
				7A61E84028A568C00053566B /* View */,
				7A61E83E28A568A00053566B /* ViewModel */,
				7A61E83D28A565680053566B /* Model */,
				7A61E82928A564A80053566B /* AppDelegate.swift */,
				7A61E82B28A564A80053566B /* SceneDelegate.swift */,
				7A61E82F28A564A80053566B /* Main.storyboard */,
				7A61E83228A564AA0053566B /* Assets.xcassets */,
				7A61E83428A564AA0053566B /* LaunchScreen.storyboard */,
				7A61E83728A564AA0053566B /* Info.plist */,
			);
			path = final_project;
			sourceTree = "<group>";
		};
		7A61E83D28A565680053566B /* Model */ = {
			isa = PBXGroup;
			children = (
				7A61E84528A59AA30053566B /* Movies */,
			);
			path = Model;
			sourceTree = "<group>";
		};
		7A61E83E28A568A00053566B /* ViewModel */ = {
			isa = PBXGroup;
			children = (
				7A61E84B28A5A4270053566B /* Movies */,
			);
			path = ViewModel;
			sourceTree = "<group>";
		};
		7A61E84028A568C00053566B /* View */ = {
			isa = PBXGroup;
			children = (
				7A61E84A28A5A40D0053566B /* Movies */,
			);
			path = View;
			sourceTree = "<group>";
		};
		7A61E84528A59AA30053566B /* Movies */ = {
			isa = PBXGroup;
			children = (
				7A61E84328A5852F0053566B /* MoviesModel.swift */,
				7A61E84628A59ABB0053566B /* Movie.swift */,
			);
			path = Movies;
			sourceTree = "<group>";
		};
		7A61E84A28A5A40D0053566B /* Movies */ = {
			isa = PBXGroup;
			children = (
				7A61E82D28A564A80053566B /* MoviesController.swift */,
			);
			path = Movies;
			sourceTree = "<group>";
		};
		7A61E84B28A5A4270053566B /* Movies */ = {
			isa = PBXGroup;
			children = (
				7A61E84128A583300053566B /* MoviesViewModel.swift */,
			);
			path = Movies;
			sourceTree = "<group>";
		};
/* End PBXGroup section */

/* Begin PBXNativeTarget section */
		7A61E82528A564A80053566B /* final_project */ = {
			isa = PBXNativeTarget;
			buildConfigurationList = 7A61E83A28A564AA0053566B /* Build configuration list for PBXNativeTarget "final_project" */;
			buildPhases = (
				7A61E82228A564A80053566B /* Sources */,
				7A61E82328A564A80053566B /* Frameworks */,
				7A61E82428A564A80053566B /* Resources */,
			);
			buildRules = (
			);
			dependencies = (
			);
			name = final_project;
			productName = final_project;
			productReference = 7A61E82628A564A80053566B /* final_project.app */;
			productType = "com.apple.product-type.application";
		};
/* End PBXNativeTarget section */

/* Begin PBXProject section */
		7A61E81E28A564A80053566B /* Project object */ = {
			isa = PBXProject;
			attributes = {
				BuildIndependentTargetsInParallel = 1;
				LastSwiftUpdateCheck = 1340;
				LastUpgradeCheck = 1340;
				TargetAttributes = {
					7A61E82528A564A80053566B = {
						CreatedOnToolsVersion = 13.4.1;
					};
				};
			};
			buildConfigurationList = 7A61E82128A564A80053566B /* Build configuration list for PBXProject "final_project" */;
			compatibilityVersion = "Xcode 13.0";
			developmentRegion = en;
			hasScannedForEncodings = 0;
			knownRegions = (
				en,
				Base,
			);
			mainGroup = 7A61E81D28A564A80053566B;
			productRefGroup = 7A61E82728A564A80053566B /* Products */;
			projectDirPath = "";
			projectRoot = "";
			targets = (
				7A61E82528A564A80053566B /* final_project */,
			);
		};
/* End PBXProject section */

/* Begin PBXResourcesBuildPhase section */
		7A61E82428A564A80053566B /* Resources */ = {
			isa = PBXResourcesBuildPhase;
			buildActionMask = 2147483647;
			files = (
				7A61E83628A564AA0053566B /* LaunchScreen.storyboard in Resources */,
				7A61E83328A564AA0053566B /* Assets.xcassets in Resources */,
				7A61E83128A564A80053566B /* Main.storyboard in Resources */,
			);
			runOnlyForDeploymentPostprocessing = 0;
		};
/* End PBXResourcesBuildPhase section */

/* Begin PBXSourcesBuildPhase section */
		7A61E82228A564A80053566B /* Sources */ = {
			isa = PBXSourcesBuildPhase;
			buildActionMask = 2147483647;
			files = (
				7A61E82E28A564A80053566B /* MoviesController.swift in Sources */,
				7A61E82A28A564A80053566B /* AppDelegate.swift in Sources */,
				7A61E84728A59ABB0053566B /* Movie.swift in Sources */,
				7A61E82C28A564A80053566B /* SceneDelegate.swift in Sources */,
				7A61E84428A5852F0053566B /* MoviesModel.swift in Sources */,
				7A61E84228A583300053566B /* MoviesViewModel.swift in Sources */,
			);
			runOnlyForDeploymentPostprocessing = 0;
		};
/* End PBXSourcesBuildPhase section */

/* Begin PBXVariantGroup section */
		7A61E82F28A564A80053566B /* Main.storyboard */ = {
			isa = PBXVariantGroup;
			children = (
				7A61E83028A564A80053566B /* Base */,
			);
			name = Main.storyboard;
			sourceTree = "<group>";
		};
		7A61E83428A564AA0053566B /* LaunchScreen.storyboard */ = {
			isa = PBXVariantGroup;
			children = (
				7A61E83528A564AA0053566B /* Base */,
			);
			name = LaunchScreen.storyboard;
			sourceTree = "<group>";
		};
/* End PBXVariantGroup section */

/* Begin XCBuildConfiguration section */
		7A61E83828A564AA0053566B /* Debug */ = {
			isa = XCBuildConfiguration;
			buildSettings = {
				ALWAYS_SEARCH_USER_PATHS = NO;
				CLANG_ANALYZER_NONNULL = YES;
				CLANG_ANALYZER_NUMBER_OBJECT_CONVERSION = YES_AGGRESSIVE;
				CLANG_CXX_LANGUAGE_STANDARD = "gnu++17";
				CLANG_ENABLE_MODULES = YES;
				CLANG_ENABLE_OBJC_ARC = YES;
				CLANG_ENABLE_OBJC_WEAK = YES;
				CLANG_WARN_BLOCK_CAPTURE_AUTORELEASING = YES;
				CLANG_WARN_BOOL_CONVERSION = YES;
				CLANG_WARN_COMMA = YES;
				CLANG_WARN_CONSTANT_CONVERSION = YES;
				CLANG_WARN_DEPRECATED_OBJC_IMPLEMENTATIONS = YES;
				CLANG_WARN_DIRECT_OBJC_ISA_USAGE = YES_ERROR;
				CLANG_WARN_DOCUMENTATION_COMMENTS = YES;
				CLANG_WARN_EMPTY_BODY = YES;
				CLANG_WARN_ENUM_CONVERSION = YES;
				CLANG_WARN_INFINITE_RECURSION = YES;
				CLANG_WARN_INT_CONVERSION = YES;
				CLANG_WARN_NON_LITERAL_NULL_CONVERSION = YES;
				CLANG_WARN_OBJC_IMPLICIT_RETAIN_SELF = YES;
				CLANG_WARN_OBJC_LITERAL_CONVERSION = YES;
				CLANG_WARN_OBJC_ROOT_CLASS = YES_ERROR;
				CLANG_WARN_QUOTED_INCLUDE_IN_FRAMEWORK_HEADER = YES;
				CLANG_WARN_RANGE_LOOP_ANALYSIS = YES;
				CLANG_WARN_STRICT_PROTOTYPES = YES;
				CLANG_WARN_SUSPICIOUS_MOVE = YES;
				CLANG_WARN_UNGUARDED_AVAILABILITY = YES_AGGRESSIVE;
				CLANG_WARN_UNREACHABLE_CODE = YES;
				CLANG_WARN__DUPLICATE_METHOD_MATCH = YES;
				COPY_PHASE_STRIP = NO;
				DEBUG_INFORMATION_FORMAT = dwarf;
				ENABLE_STRICT_OBJC_MSGSEND = YES;
				ENABLE_TESTABILITY = YES;
				GCC_C_LANGUAGE_STANDARD = gnu11;
				GCC_DYNAMIC_NO_PIC = NO;
				GCC_NO_COMMON_BLOCKS = YES;
				GCC_OPTIMIZATION_LEVEL = 0;
				GCC_PREPROCESSOR_DEFINITIONS = (
					"DEBUG=1",
					"$(inherited)",
				);
				GCC_WARN_64_TO_32_BIT_CONVERSION = YES;
				GCC_WARN_ABOUT_RETURN_TYPE = YES_ERROR;
				GCC_WARN_UNDECLARED_SELECTOR = YES;
				GCC_WARN_UNINITIALIZED_AUTOS = YES_AGGRESSIVE;
				GCC_WARN_UNUSED_FUNCTION = YES;
				GCC_WARN_UNUSED_VARIABLE = YES;
				IPHONEOS_DEPLOYMENT_TARGET = 15.5;
				MTL_ENABLE_DEBUG_INFO = INCLUDE_SOURCE;
				MTL_FAST_MATH = YES;
				ONLY_ACTIVE_ARCH = YES;
				SDKROOT = iphoneos;
				SWIFT_ACTIVE_COMPILATION_CONDITIONS = DEBUG;
				SWIFT_OPTIMIZATION_LEVEL = "-Onone";
			};
			name = Debug;
		};
		7A61E83928A564AA0053566B /* Release */ = {
			isa = XCBuildConfiguration;
			buildSettings = {
				ALWAYS_SEARCH_USER_PATHS = NO;
				CLANG_ANALYZER_NONNULL = YES;
				CLANG_ANALYZER_NUMBER_OBJECT_CONVERSION = YES_AGGRESSIVE;
				CLANG_CXX_LANGUAGE_STANDARD = "gnu++17";
				CLANG_ENABLE_MODULES = YES;
				CLANG_ENABLE_OBJC_ARC = YES;
				CLANG_ENABLE_OBJC_WEAK = YES;
				CLANG_WARN_BLOCK_CAPTURE_AUTORELEASING = YES;
				CLANG_WARN_BOOL_CONVERSION = YES;
				CLANG_WARN_COMMA = YES;
				CLANG_WARN_CONSTANT_CONVERSION = YES;
				CLANG_WARN_DEPRECATED_OBJC_IMPLEMENTATIONS = YES;
				CLANG_WARN_DIRECT_OBJC_ISA_USAGE = YES_ERROR;
				CLANG_WARN_DOCUMENTATION_COMMENTS = YES;
				CLANG_WARN_EMPTY_BODY = YES;
				CLANG_WARN_ENUM_CONVERSION = YES;
				CLANG_WARN_INFINITE_RECURSION = YES;
				CLANG_WARN_INT_CONVERSION = YES;
				CLANG_WARN_NON_LITERAL_NULL_CONVERSION = YES;
				CLANG_WARN_OBJC_IMPLICIT_RETAIN_SELF = YES;
				CLANG_WARN_OBJC_LITERAL_CONVERSION = YES;
				CLANG_WARN_OBJC_ROOT_CLASS = YES_ERROR;
				CLANG_WARN_QUOTED_INCLUDE_IN_FRAMEWORK_HEADER = YES;
				CLANG_WARN_RANGE_LOOP_ANALYSIS = YES;
				CLANG_WARN_STRICT_PROTOTYPES = YES;
				CLANG_WARN_SUSPICIOUS_MOVE = YES;
				CLANG_WARN_UNGUARDED_AVAILABILITY = YES_AGGRESSIVE;
				CLANG_WARN_UNREACHABLE_CODE = YES;
				CLANG_WARN__DUPLICATE_METHOD_MATCH = YES;
				COPY_PHASE_STRIP = NO;
				DEBUG_INFORMATION_FORMAT = "dwarf-with-dsym";
				ENABLE_NS_ASSERTIONS = NO;
				ENABLE_STRICT_OBJC_MSGSEND = YES;
				GCC_C_LANGUAGE_STANDARD = gnu11;
				GCC_NO_COMMON_BLOCKS = YES;
				GCC_WARN_64_TO_32_BIT_CONVERSION = YES;
				GCC_WARN_ABOUT_RETURN_TYPE = YES_ERROR;
				GCC_WARN_UNDECLARED_SELECTOR = YES;
				GCC_WARN_UNINITIALIZED_AUTOS = YES_AGGRESSIVE;
				GCC_WARN_UNUSED_FUNCTION = YES;
				GCC_WARN_UNUSED_VARIABLE = YES;
				IPHONEOS_DEPLOYMENT_TARGET = 15.5;
				MTL_ENABLE_DEBUG_INFO = NO;
				MTL_FAST_MATH = YES;
				SDKROOT = iphoneos;
				SWIFT_COMPILATION_MODE = wholemodule;
				SWIFT_OPTIMIZATION_LEVEL = "-O";
				VALIDATE_PRODUCT = YES;
			};
			name = Release;
		};
		7A61E83B28A564AA0053566B /* Debug */ = {
			isa = XCBuildConfiguration;
			buildSettings = {
				ASSETCATALOG_COMPILER_APPICON_NAME = AppIcon;
				ASSETCATALOG_COMPILER_GLOBAL_ACCENT_COLOR_NAME = AccentColor;
				CODE_SIGN_STYLE = Automatic;
				CURRENT_PROJECT_VERSION = 1;
				DEVELOPMENT_TEAM = RMB6QE6U8Z;
				GENERATE_INFOPLIST_FILE = YES;
				INFOPLIST_FILE = final_project/Info.plist;
				INFOPLIST_KEY_UIApplicationSupportsIndirectInputEvents = YES;
				INFOPLIST_KEY_UILaunchStoryboardName = LaunchScreen;
				INFOPLIST_KEY_UIMainStoryboardFile = Main;
				INFOPLIST_KEY_UISupportedInterfaceOrientations_iPad = "UIInterfaceOrientationPortrait UIInterfaceOrientationPortraitUpsideDown UIInterfaceOrientationLandscapeLeft UIInterfaceOrientationLandscapeRight";
				INFOPLIST_KEY_UISupportedInterfaceOrientations_iPhone = "UIInterfaceOrientationPortrait UIInterfaceOrientationLandscapeLeft UIInterfaceOrientationLandscapeRight";
				LD_RUNPATH_SEARCH_PATHS = (
					"$(inherited)",
					"@executable_path/Frameworks",
				);
				MARKETING_VERSION = 1.0;
				PRODUCT_BUNDLE_IDENTIFIER = "com.example.projectName.final-project";
				PRODUCT_NAME = "$(TARGET_NAME)";
				SWIFT_EMIT_LOC_STRINGS = YES;
				SWIFT_VERSION = 5.0;
				TARGETED_DEVICE_FAMILY = "1,2";
			};
			name = Debug;
		};
		7A61E83C28A564AA0053566B /* Release */ = {
			isa = XCBuildConfiguration;
			buildSettings = {
				ASSETCATALOG_COMPILER_APPICON_NAME = AppIcon;
				ASSETCATALOG_COMPILER_GLOBAL_ACCENT_COLOR_NAME = AccentColor;
				CODE_SIGN_STYLE = Automatic;
				CURRENT_PROJECT_VERSION = 1;
				DEVELOPMENT_TEAM = RMB6QE6U8Z;
				GENERATE_INFOPLIST_FILE = YES;
				INFOPLIST_FILE = final_project/Info.plist;
				INFOPLIST_KEY_UIApplicationSupportsIndirectInputEvents = YES;
				INFOPLIST_KEY_UILaunchStoryboardName = LaunchScreen;
				INFOPLIST_KEY_UIMainStoryboardFile = Main;
				INFOPLIST_KEY_UISupportedInterfaceOrientations_iPad = "UIInterfaceOrientationPortrait UIInterfaceOrientationPortraitUpsideDown UIInterfaceOrientationLandscapeLeft UIInterfaceOrientationLandscapeRight";
				INFOPLIST_KEY_UISupportedInterfaceOrientations_iPhone = "UIInterfaceOrientationPortrait UIInterfaceOrientationLandscapeLeft UIInterfaceOrientationLandscapeRight";
				LD_RUNPATH_SEARCH_PATHS = (
					"$(inherited)",
					"@executable_path/Frameworks",
				);
				MARKETING_VERSION = 1.0;
				PRODUCT_BUNDLE_IDENTIFIER = "com.example.projectName.final-project";
				PRODUCT_NAME = "$(TARGET_NAME)";
				SWIFT_EMIT_LOC_STRINGS = YES;
				SWIFT_VERSION = 5.0;
				TARGETED_DEVICE_FAMILY = "1,2";
			};
			name = Release;
		};
/* End XCBuildConfiguration section */

/* Begin XCConfigurationList section */
		7A61E82128A564A80053566B /* Build configuration list for PBXProject "final_project" */ = {
			isa = XCConfigurationList;
			buildConfigurations = (
				7A61E83828A564AA0053566B /* Debug */,
				7A61E83928A564AA0053566B /* Release */,
			);
			defaultConfigurationIsVisible = 0;
			defaultConfigurationName = Release;
		};
		7A61E83A28A564AA0053566B /* Build configuration list for PBXNativeTarget "final_project" */ = {
			isa = XCConfigurationList;
			buildConfigurations = (
				7A61E83B28A564AA0053566B /* Debug */,
				7A61E83C28A564AA0053566B /* Release */,
			);
			defaultConfigurationIsVisible = 0;
			defaultConfigurationName = Release;
		};
/* End XCConfigurationList section */
	};
	rootObject = 7A61E81E28A564A80053566B /* Project object */;
}
